{
  "originHash" : "e4c9d184d5c9563951cb301625d0ae280f67119cf3f57ee9d633fd61864a368e",
  "pins" : [
    {
      "identity" : "geometrylite3d",
      "kind" : "remoteSourceControl",
      "location" : "https://github.com/schwa/GeometryLite3D",
      "state" : {
        "revision" : "2b63646cf7290361567cafaf89f82206ee0ff3e7",
        "version" : "0.1.0"
      }
    },
    {
      "identity" : "interaction3d",
      "kind" : "remoteSourceControl",
      "location" : "https://github.com/schwa/Interaction3D",
      "state" : {
        "branch" : "main",
        "revision" : "ee708cc99d47404fbc296adbe0c209bfae42e738"
      }
    },
    {
      "identity" : "metalcompilerplugin",
      "kind" : "remoteSourceControl",
      "location" : "https://github.com/schwa/MetalCompilerPlugin",
      "state" : {
        "revision" : "36c761478a8e3fb934acf8ef2db4696af95069b4",
        "version" : "0.1.5"
      }
    },
    {
      "identity" : "metalsprockets",
      "kind" : "remoteSourceControl",
      "location" : "https://github.com/schwa/MetalSprockets",
      "state" : {
        "branch" : "main",
        "revision" : "7bacba139278a979c54aced6ba7c0f113bf74ba4"
      }
    },
    {
      "identity" : "metalsprocketsgaussiansplats",
      "kind" : "remoteSourceControl",
      "location" : "https://github.com/schwa/MetalSprocketsGaussianSplats",
      "state" : {
        "branch" : "main",
        "revision" : "e050c36b527fdcbab7e661890bcab7590c00d6d3"
      }
    },
    {
      "identity" : "metalsupport",
      "kind" : "remoteSourceControl",
      "location" : "https://github.com/schwa/MetalSupport",
      "state" : {
        "revision" : "c34080e1366fdb5958ceec56f64080897242dc5e",
        "version" : "1.0.5"
      }
    },
    {
      "identity" : "sharp",
      "kind" : "remoteSourceControl",
      "location" : "https://github.com/schwa/Sharp",
      "state" : {
        "revision" : "7437664ccfa1f5082004ed08a784fd4a141b0e05",
        "version" : "0.0.1"
      }
    },
    {
      "identity" : "swift-algorithms",
      "kind" : "remoteSourceControl",
      "location" : "https://github.com/apple/swift-algorithms",
      "state" : {
        "revision" : "87e50f483c54e6efd60e885f7f5aa946cee68023",
        "version" : "1.2.1"
      }
    },
    {
      "identity" : "swift-argument-parser",
      "kind" : "remoteSourceControl",
      "location" : "https://github.com/apple/swift-argument-parser",
      "state" : {
        "revision" : "626b5b7b2f45e1b0b1c6f4a309296d1d21d7311b",
        "version" : "1.7.1"
      }
    },
    {
      "identity" : "swift-async-algorithms",
      "kind" : "remoteSourceControl",
      "location" : "https://github.com/apple/swift-async-algorithms",
      "state" : {
        "revision" : "9d349bcc328ac3c31ce40e746b5882742a0d1272",
        "version" : "1.1.3"
      }
    },
    {
      "identity" : "swift-collections",
      "kind" : "remoteSourceControl",
      "location" : "https://github.com/apple/swift-collections",
      "state" : {
        "revision" : "6675bc0ff86e61436e615df6fc5174e043e57924",
        "version" : "1.4.1"
      }
    },
    {
      "identity" : "swift-numerics",
      "kind" : "remoteSourceControl",
      "location" : "https://github.com/apple/swift-numerics.git",
      "state" : {
        "revision" : "0c0290ff6b24942dadb83a929ffaaa1481df04a2",
        "version" : "1.1.1"
      }
    },
    {
      "identity" : "swift-syntax",
      "kind" : "remoteSourceControl",
      "location" : "https://github.com/swiftlang/swift-syntax.git",
      "state" : {
        "revision" : "4799286537280063c85a32f09884cfbca301b1a1",
        "version" : "602.0.0"
      }
    },
    {
      "identity" : "swiftformats",
      "kind" : "remoteSourceControl",
      "location" : "https://github.com/schwa/SwiftFormats",
      "state" : {
        "revision" : "6b51ccec7fccf2f1d4f28f03def6c6b97d17c05b",
        "version" : "0.3.6"
      }
    },
    {
      "identity" : "zipfoundation",
      "kind" : "remoteSourceControl",
      "location" : "https://github.com/weichsel/ZIPFoundation",
      "state" : {
        "revision" : "22787ffb59de99e5dc1fbfe80b19c97a904ad48d",
        "version" : "0.9.20"
      }
    },
    {
      "identity" : "zstd",
      "kind" : "remoteSourceControl",
      "location" : "https://github.com/facebook/zstd",
      "state" : {
        "revision" : "f8745da6ff1ad1e7bab384bd1f9d742439278e99",
        "version" : "1.5.7"
      }
    }
  ],
  "version" : 3
}
