// !$*UTF8*$!
{
	archiveVersion = 1;
	classes = {
	};
	objectVersion = 77;
	objects = {

/* Begin PBXBuildFile section */
		4502C67F2F451AE10030C282 /* Interaction3D in Frameworks */ = {isa = PBXBuildFile; productRef = 4502C67E2F451AE10030C282 /* Interaction3D */; };
		451155A42EC3EF9700C04880 /* GeometryLite3D in Frameworks */ = {isa = PBXBuildFile; productRef = 451155A32EC3EF9700C04880 /* GeometryLite3D */; };
		452D31B02F15791E0034906D /* Interaction3D in Frameworks */ = {isa = PBXBuildFile; productRef = 452D31AF2F15791E0034906D /* Interaction3D */; };
		454CBDFB2EF753EC00A16AD0 /* GuassianSplatsPreviewExtension.appex in Embed Foundation Extensions */ = {isa = PBXBuildFile; fileRef = 454CBDEC2EF753EC00A16AD0 /* GuassianSplatsPreviewExtension.appex */; platformFilters = (macos, ); settings = {ATTRIBUTES = (RemoveHeadersOnCopy, ); }; };
		454CBE022EF7576300A16AD0 /* MetalSprocketsGaussianSplats in Frameworks */ = {isa = PBXBuildFile; productRef = 454CBE012EF7576300A16AD0 /* MetalSprocketsGaussianSplats */; };
		457A346D2EB3DBF20001F508 /* MetalSprocketsGaussianSplats in Frameworks */ = {isa = PBXBuildFile; productRef = 457A346C2EB3DBF20001F508 /* MetalSprocketsGaussianSplats */; };
		45B4CDDB2EF86B8D00BFC1FC /* ZIPFoundation in Frameworks */ = {isa = PBXBuildFile; productRef = 45B4CDDA2EF86B8D00BFC1FC /* ZIPFoundation */; };
		45E9BB732EF504C00016C77E /* Sharp in Frameworks */ = {isa = PBXBuildFile; productRef = 45E9BB722EF504C00016C77E /* Sharp */; };
		45E9BB762EF519850016C77E /* Sharp in Frameworks */ = {isa = PBXBuildFile; productRef = 45E9BB752EF519850016C77E /* Sharp */; };
/* End PBXBuildFile section */

/* Begin PBXContainerItemProxy section */
		454CBDF92EF753EC00A16AD0 /* PBXContainerItemProxy */ = {
			isa = PBXContainerItemProxy;
			containerPortal = 457A344D2EB3D9AD0001F508 /* Project object */;
			proxyType = 1;
			remoteGlobalIDString = 454CBDEB2EF753EC00A16AD0;
			remoteInfo = GuassianSplatsPreviewExtension;
		};
/* End PBXContainerItemProxy section */

/* Begin PBXCopyFilesBuildPhase section */
		454CBE002EF753EC00A16AD0 /* Embed Foundation Extensions */ = {
			isa = PBXCopyFilesBuildPhase;
			buildActionMask = 2147483647;
			dstPath = "";
			dstSubfolderSpec = 13;
			files = (
				454CBDFB2EF753EC00A16AD0 /* GuassianSplatsPreviewExtension.appex in Embed Foundation Extensions */,
			);
			name = "Embed Foundation Extensions";
			runOnlyForDeploymentPostprocessing = 0;
		};
/* End PBXCopyFilesBuildPhase section */

/* Begin PBXFileReference section */
		454CBDEC2EF753EC00A16AD0 /* GuassianSplatsPreviewExtension.appex */ = {isa = PBXFileReference; explicitFileType = "wrapper.app-extension"; includeInIndex = 0; path = GuassianSplatsPreviewExtension.appex; sourceTree = BUILT_PRODUCTS_DIR; };
		454CBDEE2EF753EC00A16AD0 /* Quartz.framework */ = {isa = PBXFileReference; lastKnownFileType = wrapper.framework; name = Quartz.framework; path = System/Library/Frameworks/Quartz.framework; sourceTree = SDKROOT; };
		457A34552EB3D9AE0001F508 /* Radiance.app */ = {isa = PBXFileReference; explicitFileType = wrapper.application; includeInIndex = 0; path = Radiance.app; sourceTree = BUILT_PRODUCTS_DIR; };
/* End PBXFileReference section */

/* Begin PBXFileSystemSynchronizedBuildFileExceptionSet section */
		450DB2A02EF7293D003752BC /* Exceptions for "Radiance" folder in "Radiance" target */ = {
			isa = PBXFileSystemSynchronizedBuildFileExceptionSet;
			membershipExceptions = (
				Info.plist,
			);
			target = 457A34542EB3D9AE0001F508 /* Radiance */;
		};
		454CBDFF2EF753EC00A16AD0 /* Exceptions for "GuassianSplatsPreviewExtension" folder in "GuassianSplatsPreviewExtension" target */ = {
			isa = PBXFileSystemSynchronizedBuildFileExceptionSet;
			membershipExceptions = (
				Info.plist,
			);
			target = 454CBDEB2EF753EC00A16AD0 /* GuassianSplatsPreviewExtension */;
		};
/* End PBXFileSystemSynchronizedBuildFileExceptionSet section */

/* Begin PBXFileSystemSynchronizedRootGroup section */
		452EC1342EF51EF600AB9206 /* Configuration */ = {
			isa = PBXFileSystemSynchronizedRootGroup;
			path = Configuration;
			sourceTree = "<group>";
		};
		454CBDF02EF753EC00A16AD0 /* GuassianSplatsPreviewExtension */ = {
			isa = PBXFileSystemSynchronizedRootGroup;
			exceptions = (
				454CBDFF2EF753EC00A16AD0 /* Exceptions for "GuassianSplatsPreviewExtension" folder in "GuassianSplatsPreviewExtension" target */,
			);
			path = GuassianSplatsPreviewExtension;
			sourceTree = "<group>";
		};
		457A34572EB3D9AE0001F508 /* Radiance */ = {
			isa = PBXFileSystemSynchronizedRootGroup;
			exceptions = (
				450DB2A02EF7293D003752BC /* Exceptions for "Radiance" folder in "Radiance" target */,
			);
			path = Radiance;
			sourceTree = "<group>";
		};
/* End PBXFileSystemSynchronizedRootGroup section */

/* Begin PBXFrameworksBuildPhase section */
		454CBDE92EF753EC00A16AD0 /* Frameworks */ = {
			isa = PBXFrameworksBuildPhase;
			buildActionMask = 2147483647;
			files = (
				4502C67F2F451AE10030C282 /* Interaction3D in Frameworks */,
				454CBE022EF7576300A16AD0 /* MetalSprocketsGaussianSplats in Frameworks */,
			);
			runOnlyForDeploymentPostprocessing = 0;
		};
		457A34522EB3D9AE0001F508 /* Frameworks */ = {
			isa = PBXFrameworksBuildPhase;
			buildActionMask = 2147483647;
			files = (
				452D31B02F15791E0034906D /* Interaction3D in Frameworks */,
				451155A42EC3EF9700C04880 /* GeometryLite3D in Frameworks */,
				457A346D2EB3DBF20001F508 /* MetalSprocketsGaussianSplats in Frameworks */,
				45E9BB732EF504C00016C77E /* Sharp in Frameworks */,
				45E9BB762EF519850016C77E /* Sharp in Frameworks */,
				45B4CDDB2EF86B8D00BFC1FC /* ZIPFoundation in Frameworks */,
			);
			runOnlyForDeploymentPostprocessing = 0;
		};
/* End PBXFrameworksBuildPhase section */

/* Begin PBXGroup section */
		454CBDED2EF753EC00A16AD0 /* Frameworks */ = {
			isa = PBXGroup;
			children = (
				454CBDEE2EF753EC00A16AD0 /* Quartz.framework */,
			);
			name = Frameworks;
			sourceTree = "<group>";
		};
		457A344C2EB3D9AD0001F508 = {
			isa = PBXGroup;
			children = (
				457A34572EB3D9AE0001F508 /* Radiance */,
				454CBDF02EF753EC00A16AD0 /* GuassianSplatsPreviewExtension */,
				454CBDED2EF753EC00A16AD0 /* Frameworks */,
				457A34562EB3D9AE0001F508 /* Products */,
				452EC1342EF51EF600AB9206 /* Configuration */,
			);
			sourceTree = "<group>";
		};
		457A34562EB3D9AE0001F508 /* Products */ = {
			isa = PBXGroup;
			children = (
				457A34552EB3D9AE0001F508 /* Radiance.app */,
				454CBDEC2EF753EC00A16AD0 /* GuassianSplatsPreviewExtension.appex */,
			);
			name = Products;
			sourceTree = "<group>";
		};
/* End PBXGroup section */

/* Begin PBXNativeTarget section */
		454CBDEB2EF753EC00A16AD0 /* GuassianSplatsPreviewExtension */ = {
			isa = PBXNativeTarget;
			buildConfigurationList = 454CBDFC2EF753EC00A16AD0 /* Build configuration list for PBXNativeTarget "GuassianSplatsPreviewExtension" */;
			buildPhases = (
				454CBDE82EF753EC00A16AD0 /* Sources */,
				454CBDE92EF753EC00A16AD0 /* Frameworks */,
				454CBDEA2EF753EC00A16AD0 /* Resources */,
			);
			buildRules = (
			);
			dependencies = (
			);
			fileSystemSynchronizedGroups = (
				454CBDF02EF753EC00A16AD0 /* GuassianSplatsPreviewExtension */,
			);
			name = GuassianSplatsPreviewExtension;
			packageProductDependencies = (
				454CBE012EF7576300A16AD0 /* MetalSprocketsGaussianSplats */,
				4502C67E2F451AE10030C282 /* Interaction3D */,
			);
			productName = GuassianSplatsPreviewExtension;
			productReference = 454CBDEC2EF753EC00A16AD0 /* GuassianSplatsPreviewExtension.appex */;
			productType = "com.apple.product-type.app-extension";
		};
		457A34542EB3D9AE0001F508 /* Radiance */ = {
			isa = PBXNativeTarget;
			buildConfigurationList = 457A34602EB3D9AE0001F508 /* Build configuration list for PBXNativeTarget "Radiance" */;
			buildPhases = (
				457A34512EB3D9AE0001F508 /* Sources */,
				457A34522EB3D9AE0001F508 /* Frameworks */,
				457A34532EB3D9AE0001F508 /* Resources */,
				457C0CDC2ECF672F0049C6F2 /* Run Swiftlint */,
				454CBE002EF753EC00A16AD0 /* Embed Foundation Extensions */,
			);
			buildRules = (
			);
			dependencies = (
				454CBDFA2EF753EC00A16AD0 /* PBXTargetDependency */,
			);
			fileSystemSynchronizedGroups = (
				457A34572EB3D9AE0001F508 /* Radiance */,
			);
			name = Radiance;
			packageProductDependencies = (
				457A346C2EB3DBF20001F508 /* MetalSprocketsGaussianSplats */,
				451155A32EC3EF9700C04880 /* GeometryLite3D */,
				45E9BB722EF504C00016C77E /* Sharp */,
				45E9BB752EF519850016C77E /* Sharp */,
				45B4CDDA2EF86B8D00BFC1FC /* ZIPFoundation */,
				452D31AF2F15791E0034906D /* Interaction3D */,
			);
			productName = Radiance;
			productReference = 457A34552EB3D9AE0001F508 /* Radiance.app */;
			productType = "com.apple.product-type.application";
		};
/* End PBXNativeTarget section */

/* Begin PBXProject section */
		457A344D2EB3D9AD0001F508 /* Project object */ = {
			isa = PBXProject;
			attributes = {
				BuildIndependentTargetsInParallel = 1;
				LastSwiftUpdateCheck = 2620;
				LastUpgradeCheck = 2620;
				TargetAttributes = {
					454CBDEB2EF753EC00A16AD0 = {
						CreatedOnToolsVersion = 26.2;
					};
					457A34542EB3D9AE0001F508 = {
						CreatedOnToolsVersion = 26.1;
					};
				};
			};
			buildConfigurationList = 457A34502EB3D9AD0001F508 /* Build configuration list for PBXProject "Radiance" */;
			developmentRegion = en;
			hasScannedForEncodings = 0;
			knownRegions = (
				en,
				Base,
			);
			mainGroup = 457A344C2EB3D9AD0001F508;
			minimizedProjectReferenceProxies = 1;
			packageReferences = (
				457A346B2EB3DBF20001F508 /* XCRemoteSwiftPackageReference "MetalSprocketsGaussianSplats" */,
				451155A22EC3EF9700C04880 /* XCRemoteSwiftPackageReference "GeometryLite3D" */,
				45E9BB742EF519850016C77E /* XCRemoteSwiftPackageReference "Sharp" */,
				45B4CDD92EF86B8D00BFC1FC /* XCRemoteSwiftPackageReference "ZIPFoundation" */,
				455EE9212F3A679900A753D3 /* XCRemoteSwiftPackageReference "Interaction3D" */,
			);
			preferredProjectObjectVersion = 77;
			productRefGroup = 457A34562EB3D9AE0001F508 /* Products */;
			projectDirPath = "";
			projectRoot = "";
			targets = (
				457A34542EB3D9AE0001F508 /* Radiance */,
				454CBDEB2EF753EC00A16AD0 /* GuassianSplatsPreviewExtension */,
			);
		};
/* End PBXProject section */

/* Begin PBXResourcesBuildPhase section */
		454CBDEA2EF753EC00A16AD0 /* Resources */ = {
			isa = PBXResourcesBuildPhase;
			buildActionMask = 2147483647;
			files = (
			);
			runOnlyForDeploymentPostprocessing = 0;
		};
		457A34532EB3D9AE0001F508 /* Resources */ = {
			isa = PBXResourcesBuildPhase;
			buildActionMask = 2147483647;
			files = (
			);
			runOnlyForDeploymentPostprocessing = 0;
		};
/* End PBXResourcesBuildPhase section */

/* Begin PBXShellScriptBuildPhase section */
		457C0CDC2ECF672F0049C6F2 /* Run Swiftlint */ = {
			isa = PBXShellScriptBuildPhase;
			alwaysOutOfDate = 1;
			buildActionMask = 2147483647;
			files = (
			);
			inputFileListPaths = (
			);
			inputPaths = (
			);
			name = "Run Swiftlint";
			outputFileListPaths = (
			);
			outputPaths = (
			);
			runOnlyForDeploymentPostprocessing = 0;
			shellPath = /bin/sh;
			shellScript = "if [ -x \"/opt/homebrew/bin/swiftlint\" ]; then\n  echo \"Running SwiftLint...\"\n  cd ../.. && /opt/homebrew/bin/swiftlint --quiet --lenient\nelif which swiftlint >/dev/null 2>&1; then\n  echo \"Running SwiftLint from PATH...\"\n      cd ../.. && swiftlint --quiet --lenient\nelse\n  echo \"warning: SwiftLint not installed. Get it from https://github.com/realm/SwiftLint\"\nfi\n";
			showEnvVarsInLog = 0;
		};
/* End PBXShellScriptBuildPhase section */

/* Begin PBXSourcesBuildPhase section */
		454CBDE82EF753EC00A16AD0 /* Sources */ = {
			isa = PBXSourcesBuildPhase;
			buildActionMask = 2147483647;
			files = (
			);
			runOnlyForDeploymentPostprocessing = 0;
		};
		457A34512EB3D9AE0001F508 /* Sources */ = {
			isa = PBXSourcesBuildPhase;
			buildActionMask = 2147483647;
			files = (
			);
			runOnlyForDeploymentPostprocessing = 0;
		};
/* End PBXSourcesBuildPhase section */

/* Begin PBXTargetDependency section */
		454CBDFA2EF753EC00A16AD0 /* PBXTargetDependency */ = {
			isa = PBXTargetDependency;
			platformFilters = (
				macos,
			);
			target = 454CBDEB2EF753EC00A16AD0 /* GuassianSplatsPreviewExtension */;
			targetProxy = 454CBDF92EF753EC00A16AD0 /* PBXContainerItemProxy */;
		};
/* End PBXTargetDependency section */

/* Begin XCBuildConfiguration section */
		454CBDFD2EF753EC00A16AD0 /* Debug */ = {
			isa = XCBuildConfiguration;
			buildSettings = {
				ALWAYS_SEARCH_USER_PATHS = NO;
				ASSETCATALOG_COMPILER_GENERATE_SWIFT_ASSET_SYMBOL_EXTENSIONS = YES;
				CLANG_ANALYZER_NONNULL = YES;
				CLANG_ANALYZER_NUMBER_OBJECT_CONVERSION = YES_AGGRESSIVE;
				CLANG_CXX_LANGUAGE_STANDARD = "gnu++20";
				CLANG_ENABLE_MODULES = YES;
				CLANG_ENABLE_OBJC_ARC = YES;
				CLANG_ENABLE_OBJC_WEAK = YES;
				CLANG_WARN_BLOCK_CAPTURE_AUTORELEASING = YES;
				CLANG_WARN_BOOL_CONVERSION = YES;
				CLANG_WARN_COMMA = YES;
				CLANG_WARN_CONSTANT_CONVERSION = YES;
				CLANG_WARN_DEPRECATED_OBJC_IMPLEMENTATIONS = YES;
				CLANG_WARN_DIRECT_OBJC_ISA_USAGE = YES_ERROR;
				CLANG_WARN_DOCUMENTATION_COMMENTS = YES;
				CLANG_WARN_EMPTY_BODY = YES;
				CLANG_WARN_ENUM_CONVERSION = YES;
				CLANG_WARN_INFINITE_RECURSION = YES;
				CLANG_WARN_INT_CONVERSION = YES;
				CLANG_WARN_NON_LITERAL_NULL_CONVERSION = YES;
				CLANG_WARN_OBJC_IMPLICIT_RETAIN_SELF = YES;
				CLANG_WARN_OBJC_LITERAL_CONVERSION = YES;
				CLANG_WARN_OBJC_ROOT_CLASS = YES_ERROR;
				CLANG_WARN_QUOTED_INCLUDE_IN_FRAMEWORK_HEADER = YES;
				CLANG_WARN_RANGE_LOOP_ANALYSIS = YES;
				CLANG_WARN_STRICT_PROTOTYPES = YES;
				CLANG_WARN_SUSPICIOUS_MOVE = YES;
				CLANG_WARN_UNGUARDED_AVAILABILITY = YES_AGGRESSIVE;
				CLANG_WARN_UNREACHABLE_CODE = YES;
				CLANG_WARN__DUPLICATE_METHOD_MATCH = YES;
				CODE_SIGN_STYLE = Automatic;
				COPY_PHASE_STRIP = NO;
				CURRENT_PROJECT_VERSION = 1;
				DEBUG_INFORMATION_FORMAT = dwarf;
				ENABLE_APP_SANDBOX = YES;
				ENABLE_HARDENED_RUNTIME = YES;
				ENABLE_STRICT_OBJC_MSGSEND = YES;
				ENABLE_TESTABILITY = YES;
				ENABLE_USER_SCRIPT_SANDBOXING = YES;
				ENABLE_USER_SELECTED_FILES = readonly;
				GCC_C_LANGUAGE_STANDARD = gnu17;
				GCC_DYNAMIC_NO_PIC = NO;
				GCC_NO_COMMON_BLOCKS = YES;
				GCC_OPTIMIZATION_LEVEL = 0;
				GCC_PREPROCESSOR_DEFINITIONS = (
					"DEBUG=1",
					"$(inherited)",
				);
				GCC_WARN_64_TO_32_BIT_CONVERSION = YES;
				GCC_WARN_ABOUT_RETURN_TYPE = YES_ERROR;
				GCC_WARN_UNDECLARED_SELECTOR = YES;
				GCC_WARN_UNINITIALIZED_AUTOS = YES_AGGRESSIVE;
				GCC_WARN_UNUSED_FUNCTION = YES;
				GCC_WARN_UNUSED_VARIABLE = YES;
				GENERATE_INFOPLIST_FILE = YES;
				INFOPLIST_FILE = GuassianSplatsPreviewExtension/Info.plist;
				INFOPLIST_KEY_CFBundleDisplayName = GuassianSplatsPreviewExtension;
				INFOPLIST_KEY_NSHumanReadableCopyright = "";
				LD_RUNPATH_SEARCH_PATHS = (
					"$(inherited)",
					"@executable_path/../Frameworks",
					"@executable_path/../../../../Frameworks",
				);
				LOCALIZATION_PREFERS_STRING_CATALOGS = YES;
				MACOSX_DEPLOYMENT_TARGET = 26.2;
				MARKETING_VERSION = 0.1.2;
				MTL_ENABLE_DEBUG_INFO = INCLUDE_SOURCE;
				MTL_FAST_MATH = YES;
				ONLY_ACTIVE_ARCH = YES;
				PRODUCT_BUNDLE_IDENTIFIER = io.schwa.Radiance.GuassianSplatsPreviewExtension;
				PRODUCT_NAME = "$(TARGET_NAME)";
				SDKROOT = macosx;
				SKIP_INSTALL = YES;
				STRING_CATALOG_GENERATE_SYMBOLS = YES;
				SWIFT_ACTIVE_COMPILATION_CONDITIONS = "DEBUG $(inherited)";
				SWIFT_APPROACHABLE_CONCURRENCY = YES;
				SWIFT_EMIT_LOC_STRINGS = YES;
				SWIFT_OPTIMIZATION_LEVEL = "-Onone";
				SWIFT_UPCOMING_FEATURE_MEMBER_IMPORT_VISIBILITY = YES;
				SWIFT_VERSION = 5.0;
			};
			name = Debug;
		};
		454CBDFE2EF753EC00A16AD0 /* Release */ = {
			isa = XCBuildConfiguration;
			buildSettings = {
				ALWAYS_SEARCH_USER_PATHS = NO;
				ASSETCATALOG_COMPILER_GENERATE_SWIFT_ASSET_SYMBOL_EXTENSIONS = YES;
				CLANG_ANALYZER_NONNULL = YES;
				CLANG_ANALYZER_NUMBER_OBJECT_CONVERSION = YES_AGGRESSIVE;
				CLANG_CXX_LANGUAGE_STANDARD = "gnu++20";
				CLANG_ENABLE_MODULES = YES;
				CLANG_ENABLE_OBJC_ARC = YES;
				CLANG_ENABLE_OBJC_WEAK = YES;
				CLANG_WARN_BLOCK_CAPTURE_AUTORELEASING = YES;
				CLANG_WARN_BOOL_CONVERSION = YES;
				CLANG_WARN_COMMA = YES;
				CLANG_WARN_CONSTANT_CONVERSION = YES;
				CLANG_WARN_DEPRECATED_OBJC_IMPLEMENTATIONS = YES;
				CLANG_WARN_DIRECT_OBJC_ISA_USAGE = YES_ERROR;
				CLANG_WARN_DOCUMENTATION_COMMENTS = YES;
				CLANG_WARN_EMPTY_BODY = YES;
				CLANG_WARN_ENUM_CONVERSION = YES;
				CLANG_WARN_INFINITE_RECURSION = YES;
				CLANG_WARN_INT_CONVERSION = YES;
				CLANG_WARN_NON_LITERAL_NULL_CONVERSION = YES;
				CLANG_WARN_OBJC_IMPLICIT_RETAIN_SELF = YES;
				CLANG_WARN_OBJC_LITERAL_CONVERSION = YES;
				CLANG_WARN_OBJC_ROOT_CLASS = YES_ERROR;
				CLANG_WARN_QUOTED_INCLUDE_IN_FRAMEWORK_HEADER = YES;
				CLANG_WARN_RANGE_LOOP_ANALYSIS = YES;
				CLANG_WARN_STRICT_PROTOTYPES = YES;
				CLANG_WARN_SUSPICIOUS_MOVE = YES;
				CLANG_WARN_UNGUARDED_AVAILABILITY = YES_AGGRESSIVE;
				CLANG_WARN_UNREACHABLE_CODE = YES;
				CLANG_WARN__DUPLICATE_METHOD_MATCH = YES;
				CODE_SIGN_STYLE = Automatic;
				COPY_PHASE_STRIP = NO;
				CURRENT_PROJECT_VERSION = 1;
				DEBUG_INFORMATION_FORMAT = "dwarf-with-dsym";
				ENABLE_APP_SANDBOX = YES;
				ENABLE_HARDENED_RUNTIME = YES;
				ENABLE_NS_ASSERTIONS = NO;
				ENABLE_STRICT_OBJC_MSGSEND = YES;
				ENABLE_USER_SCRIPT_SANDBOXING = YES;
				ENABLE_USER_SELECTED_FILES = readonly;
				GCC_C_LANGUAGE_STANDARD = gnu17;
				GCC_NO_COMMON_BLOCKS = YES;
				GCC_WARN_64_TO_32_BIT_CONVERSION = YES;
				GCC_WARN_ABOUT_RETURN_TYPE = YES_ERROR;
				GCC_WARN_UNDECLARED_SELECTOR = YES;
				GCC_WARN_UNINITIALIZED_AUTOS = YES_AGGRESSIVE;
				GCC_WARN_UNUSED_FUNCTION = YES;
				GCC_WARN_UNUSED_VARIABLE = YES;
				GENERATE_INFOPLIST_FILE = YES;
				INFOPLIST_FILE = GuassianSplatsPreviewExtension/Info.plist;
				INFOPLIST_KEY_CFBundleDisplayName = GuassianSplatsPreviewExtension;
				INFOPLIST_KEY_NSHumanReadableCopyright = "";
				LD_RUNPATH_SEARCH_PATHS = (
					"$(inherited)",
					"@executable_path/../Frameworks",
					"@executable_path/../../../../Frameworks",
				);
				LOCALIZATION_PREFERS_STRING_CATALOGS = YES;
				MACOSX_DEPLOYMENT_TARGET = 26.2;
				MARKETING_VERSION = 0.1.2;
				MTL_ENABLE_DEBUG_INFO = NO;
				MTL_FAST_MATH = YES;
				PRODUCT_BUNDLE_IDENTIFIER = io.schwa.Radiance.GuassianSplatsPreviewExtension;
				PRODUCT_NAME = "$(TARGET_NAME)";
				SDKROOT = macosx;
				SKIP_INSTALL = YES;
				STRING_CATALOG_GENERATE_SYMBOLS = YES;
				SWIFT_APPROACHABLE_CONCURRENCY = YES;
				SWIFT_COMPILATION_MODE = wholemodule;
				SWIFT_EMIT_LOC_STRINGS = YES;
				SWIFT_UPCOMING_FEATURE_MEMBER_IMPORT_VISIBILITY = YES;
				SWIFT_VERSION = 5.0;
			};
			name = Release;
		};
		457A345E2EB3D9AE0001F508 /* Debug */ = {
			isa = XCBuildConfiguration;
			baseConfigurationReferenceAnchor = 452EC1342EF51EF600AB9206 /* Configuration */;
			baseConfigurationReferenceRelativePath = "Project-Debug.xcconfig";
			buildSettings = {
				DEVELOPMENT_TEAM = 6E23EP94PG;
			};
			name = Debug;
		};
		457A345F2EB3D9AE0001F508 /* Release */ = {
			isa = XCBuildConfiguration;
			baseConfigurationReferenceAnchor = 452EC1342EF51EF600AB9206 /* Configuration */;
			baseConfigurationReferenceRelativePath = "Project-Release.xcconfig";
			buildSettings = {
				DEVELOPMENT_TEAM = 6E23EP94PG;
			};
			name = Release;
		};
		457A34612EB3D9AE0001F508 /* Debug */ = {
			isa = XCBuildConfiguration;
			baseConfigurationReferenceAnchor = 452EC1342EF51EF600AB9206 /* Configuration */;
			baseConfigurationReferenceRelativePath = "Radiance-Debug.xcconfig";
			buildSettings = {
				ASSETCATALOG_COMPILER_APPICON_NAME = "";
				"ASSETCATALOG_COMPILER_APPICON_NAME[sdk=iphoneos*]" = AppIcon;
				"ASSETCATALOG_COMPILER_APPICON_NAME[sdk=macosx*]" = macOSAppIcon;
				"ASSETCATALOG_COMPILER_APPICON_NAME[sdk=xros*]" = visionOSAppIcon;
				ENABLE_APP_SANDBOX = YES;
				ENABLE_INCOMING_NETWORK_CONNECTIONS = NO;
				ENABLE_OUTGOING_NETWORK_CONNECTIONS = YES;
				ENABLE_RESOURCE_ACCESS_AUDIO_INPUT = NO;
				ENABLE_RESOURCE_ACCESS_BLUETOOTH = NO;
				ENABLE_RESOURCE_ACCESS_CALENDARS = NO;
				ENABLE_RESOURCE_ACCESS_CAMERA = NO;
				ENABLE_RESOURCE_ACCESS_CONTACTS = NO;
				ENABLE_RESOURCE_ACCESS_LOCATION = NO;
				ENABLE_RESOURCE_ACCESS_PRINTING = NO;
				ENABLE_RESOURCE_ACCESS_USB = NO;
				ENABLE_USER_SELECTED_FILES = readwrite;
				INFOPLIST_KEY_LSApplicationCategoryType = "public.app-category.developer-tools";
			};
			name = Debug;
		};
		457A34622EB3D9AE0001F508 /* Release */ = {
			isa = XCBuildConfiguration;
			baseConfigurationReferenceAnchor = 452EC1342EF51EF600AB9206 /* Configuration */;
			baseConfigurationReferenceRelativePath = "Radiance-Release.xcconfig";
			buildSettings = {
				ASSETCATALOG_COMPILER_APPICON_NAME = "";
				"ASSETCATALOG_COMPILER_APPICON_NAME[sdk=iphoneos*]" = AppIcon;
				"ASSETCATALOG_COMPILER_APPICON_NAME[sdk=macosx*]" = macOSAppIcon;
				"ASSETCATALOG_COMPILER_APPICON_NAME[sdk=xros*]" = visionOSAppIcon;
				ENABLE_APP_SANDBOX = YES;
				ENABLE_INCOMING_NETWORK_CONNECTIONS = NO;
				ENABLE_OUTGOING_NETWORK_CONNECTIONS = YES;
				ENABLE_RESOURCE_ACCESS_AUDIO_INPUT = NO;
				ENABLE_RESOURCE_ACCESS_BLUETOOTH = NO;
				ENABLE_RESOURCE_ACCESS_CALENDARS = NO;
				ENABLE_RESOURCE_ACCESS_CAMERA = NO;
				ENABLE_RESOURCE_ACCESS_CONTACTS = NO;
				ENABLE_RESOURCE_ACCESS_LOCATION = NO;
				ENABLE_RESOURCE_ACCESS_PRINTING = NO;
				ENABLE_RESOURCE_ACCESS_USB = NO;
				ENABLE_USER_SELECTED_FILES = readwrite;
				INFOPLIST_KEY_LSApplicationCategoryType = "public.app-category.developer-tools";
			};
			name = Release;
		};
/* End XCBuildConfiguration section */

/* Begin XCConfigurationList section */
		454CBDFC2EF753EC00A16AD0 /* Build configuration list for PBXNativeTarget "GuassianSplatsPreviewExtension" */ = {
			isa = XCConfigurationList;
			buildConfigurations = (
				454CBDFD2EF753EC00A16AD0 /* Debug */,
				454CBDFE2EF753EC00A16AD0 /* Release */,
			);
			defaultConfigurationIsVisible = 0;
			defaultConfigurationName = Release;
		};
		457A34502EB3D9AD0001F508 /* Build configuration list for PBXProject "Radiance" */ = {
			isa = XCConfigurationList;
			buildConfigurations = (
				457A345E2EB3D9AE0001F508 /* Debug */,
				457A345F2EB3D9AE0001F508 /* Release */,
			);
			defaultConfigurationIsVisible = 0;
			defaultConfigurationName = Release;
		};
		457A34602EB3D9AE0001F508 /* Build configuration list for PBXNativeTarget "Radiance" */ = {
			isa = XCConfigurationList;
			buildConfigurations = (
				457A34612EB3D9AE0001F508 /* Debug */,
				457A34622EB3D9AE0001F508 /* Release */,
			);
			defaultConfigurationIsVisible = 0;
			defaultConfigurationName = Release;
		};
/* End XCConfigurationList section */

/* Begin XCLocalSwiftPackageReference section */
/* End XCLocalSwiftPackageReference section */

/* Begin XCRemoteSwiftPackageReference section */
		457A346B2EB3DBF20001F508 /* XCRemoteSwiftPackageReference "MetalSprocketsGaussianSplats" */ = {
			isa = XCRemoteSwiftPackageReference;
			repositoryURL = "https://github.com/schwa/MetalSprocketsGaussianSplats";
			requirement = {
				branch = main;
				kind = branch;
			};
		};
		451155A22EC3EF9700C04880 /* XCRemoteSwiftPackageReference "GeometryLite3D" */ = {
			isa = XCRemoteSwiftPackageReference;
			repositoryURL = "https://github.com/schwa/GeometryLite3D";
			requirement = {
				branch = main;
				kind = branch;
			};
		};
		455EE9212F3A679900A753D3 /* XCRemoteSwiftPackageReference "Interaction3D" */ = {
			isa = XCRemoteSwiftPackageReference;
			repositoryURL = "https://github.com/schwa/Interaction3D";
			requirement = {
				branch = main;
				kind = branch;
			};
		};
		45B4CDD92EF86B8D00BFC1FC /* XCRemoteSwiftPackageReference "ZIPFoundation" */ = {
			isa = XCRemoteSwiftPackageReference;
			repositoryURL = "https://github.com/weichsel/ZIPFoundation";
			requirement = {
				kind = upToNextMajorVersion;
				minimumVersion = 0.9.20;
			};
		};
		45E9BB742EF519850016C77E /* XCRemoteSwiftPackageReference "Sharp" */ = {
			isa = XCRemoteSwiftPackageReference;
			repositoryURL = "https://github.com/schwa/Sharp";
			requirement = {
				branch = main;
				kind = branch;
			};
		};
/* End XCRemoteSwiftPackageReference section */

/* Begin XCSwiftPackageProductDependency section */
		4502C67E2F451AE10030C282 /* Interaction3D */ = {
			isa = XCSwiftPackageProductDependency;
			package = 455EE9212F3A679900A753D3 /* XCRemoteSwiftPackageReference "Interaction3D" */;
			productName = Interaction3D;
		};
		451155A32EC3EF9700C04880 /* GeometryLite3D */ = {
			isa = XCSwiftPackageProductDependency;
			package = 451155A22EC3EF9700C04880 /* XCRemoteSwiftPackageReference "GeometryLite3D" */;
			productName = GeometryLite3D;
		};
		452D31AF2F15791E0034906D /* Interaction3D */ = {
			isa = XCSwiftPackageProductDependency;
			productName = Interaction3D;
		};
		454CBE012EF7576300A16AD0 /* MetalSprocketsGaussianSplats */ = {
			isa = XCSwiftPackageProductDependency;
			package = 457A346B2EB3DBF20001F508 /* XCRemoteSwiftPackageReference "MetalSprocketsGaussianSplats" */;
			productName = MetalSprocketsGaussianSplats;
		};
		457A346C2EB3DBF20001F508 /* MetalSprocketsGaussianSplats */ = {
			isa = XCSwiftPackageProductDependency;
			package = 457A346B2EB3DBF20001F508 /* XCRemoteSwiftPackageReference "MetalSprocketsGaussianSplats" */;
			productName = MetalSprocketsGaussianSplats;
		};
		45B4CDDA2EF86B8D00BFC1FC /* ZIPFoundation */ = {
			isa = XCSwiftPackageProductDependency;
			package = 45B4CDD92EF86B8D00BFC1FC /* XCRemoteSwiftPackageReference "ZIPFoundation" */;
			productName = ZIPFoundation;
		};
		45E9BB722EF504C00016C77E /* Sharp */ = {
			isa = XCSwiftPackageProductDependency;
			productName = Sharp;
		};
		45E9BB752EF519850016C77E /* Sharp */ = {
			isa = XCSwiftPackageProductDependency;
			package = 45E9BB742EF519850016C77E /* XCRemoteSwiftPackageReference "Sharp" */;
			productName = Sharp;
		};
/* End XCSwiftPackageProductDependency section */
	};
	rootObject = 457A344D2EB3D9AD0001F508 /* Project object */;
}
