// !$*UTF8*$!
{
	archiveVersion = 1;
	classes = {
	};
	objectVersion = 77;
	objects = {

/* Begin PBXBuildFile section */
		4502C67F2F451AE10030C282 /* Interaction3D in Frameworks */ = {isa = PBXBuildFile; productRef = 4502C67E2F451AE10030C282 /* Interaction3D */; };
		451155A42EC3EF9700C04880 /* GeometryLite3D in Frameworks */ = {isa = PBXBuildFile; productRef = 451155A32EC3EF9700C04880 /* GeometryLite3D */; };
		452D31B02F15791E0034906D /* Interaction3D in Frameworks */ = {isa = PBXBuildFile; productRef = 452D31AF2F15791E0034906D /* Interaction3D */; };
		454CBDFB2EF753EC00A16AD0 /* GaussianSplatsPreviewExtension.appex in Embed Foundation Extensions */ = {isa = PBXBuildFile; fileRef = 454CBDEC2EF753EC00A16AD0 /* GaussianSplatsPreviewExtension.appex */; platformFilters = (macos, ); settings = {ATTRIBUTES = (RemoveHeadersOnCopy, ); }; };
		45629B962F74A0A200463117 /* MetalSprocketsGaussianSplats in Frameworks */ = {isa = PBXBuildFile; productRef = 45629B952F74A0A200463117 /* MetalSprocketsGaussianSplats */; };
		45629B982F74A0A200463117 /* Splats in Frameworks */ = {isa = PBXBuildFile; productRef = 45629B972F74A0A200463117 /* Splats */; };
		45B4CDDB2EF86B8D00BFC1FC /* ZIPFoundation in Frameworks */ = {isa = PBXBuildFile; productRef = 45B4CDDA2EF86B8D00BFC1FC /* ZIPFoundation */; };
		45E9BB732EF504C00016C77E /* Sharp in Frameworks */ = {isa = PBXBuildFile; productRef = 45E9BB722EF504C00016C77E /* Sharp */; };
		45E9BB762EF519850016C77E /* Sharp in Frameworks */ = {isa = PBXBuildFile; productRef = 45E9BB752EF519850016C77E /* Sharp */; };
/* End PBXBuildFile section */

/* Begin PBXContainerItemProxy section */
		454CBDF92EF753EC00A16AD0 /* PBXContainerItemProxy */ = {
			isa = PBXContainerItemProxy;
			containerPortal = 457A344D2EB3D9AD0001F508 /* Project object */;
			proxyType = 1;
			remoteGlobalIDString = 454CBDEB2EF753EC00A16AD0;
			remoteInfo = GaussianSplatsPreviewExtension;
		};
/* End PBXContainerItemProxy section */

/* Begin PBXCopyFilesBuildPhase section */
		454CBE002EF753EC00A16AD0 /* Embed Foundation Extensions */ = {
			isa = PBXCopyFilesBuildPhase;
			buildActionMask = 2147483647;
			dstPath = "";
			dstSubfolderSpec = 13;
			files = (
				454CBDFB2EF753EC00A16AD0 /* GaussianSplatsPreviewExtension.appex in Embed Foundation Extensions */,
			);
			name = "Embed Foundation Extensions";
			runOnlyForDeploymentPostprocessing = 0;
		};
/* End PBXCopyFilesBuildPhase section */

/* Begin PBXFileReference section */
		454CBDEC2EF753EC00A16AD0 /* GaussianSplatsPreviewExtension.appex */ = {isa = PBXFileReference; explicitFileType = "wrapper.app-extension"; includeInIndex = 0; path = GaussianSplatsPreviewExtension.appex; sourceTree = BUILT_PRODUCTS_DIR; };
		457A34552EB3D9AE0001F508 /* Radiance-Viewer.app */ = {isa = PBXFileReference; explicitFileType = wrapper.application; includeInIndex = 0; path = "Radiance-Viewer.app"; sourceTree = BUILT_PRODUCTS_DIR; };
/* End PBXFileReference section */

/* Begin PBXFileSystemSynchronizedBuildFileExceptionSet section */
		450DB2A02EF7293D003752BC /* Exceptions for "Radiance" folder in "Radiance-Viewer" target */ = {
			isa = PBXFileSystemSynchronizedBuildFileExceptionSet;
			membershipExceptions = (
				Info.plist,
			);
			target = 457A34542EB3D9AE0001F508 /* Radiance-Viewer */;
		};
		454CBDFF2EF753EC00A16AD0 /* Exceptions for "GaussianSplatsPreviewExtension" folder in "GaussianSplatsPreviewExtension" target */ = {
			isa = PBXFileSystemSynchronizedBuildFileExceptionSet;
			membershipExceptions = (
				Info.plist,
			);
			target = 454CBDEB2EF753EC00A16AD0 /* GaussianSplatsPreviewExtension */;
		};
/* End PBXFileSystemSynchronizedBuildFileExceptionSet section */

/* Begin PBXFileSystemSynchronizedRootGroup section */
		452EC1342EF51EF600AB9206 /* Configuration */ = {
			isa = PBXFileSystemSynchronizedRootGroup;
			path = Configuration;
			sourceTree = "<group>";
		};
		454CBDF02EF753EC00A16AD0 /* GaussianSplatsPreviewExtension */ = {
			isa = PBXFileSystemSynchronizedRootGroup;
			exceptions = (
				454CBDFF2EF753EC00A16AD0 /* Exceptions for "GaussianSplatsPreviewExtension" folder in "GaussianSplatsPreviewExtension" target */,
			);
			path = GaussianSplatsPreviewExtension;
			sourceTree = "<group>";
		};
		457A34572EB3D9AE0001F508 /* Radiance */ = {
			isa = PBXFileSystemSynchronizedRootGroup;
			exceptions = (
				450DB2A02EF7293D003752BC /* Exceptions for "Radiance" folder in "Radiance-Viewer" target */,
			);
			path = Radiance;
			sourceTree = "<group>";
		};
		45CD75FA2F74989400E601F7 /* Packages */ = {
			isa = PBXFileSystemSynchronizedRootGroup;
			path = Packages;
			sourceTree = "<group>";
		};
/* End PBXFileSystemSynchronizedRootGroup section */

/* Begin PBXFrameworksBuildPhase section */
		454CBDE92EF753EC00A16AD0 /* Frameworks */ = {
			isa = PBXFrameworksBuildPhase;
			buildActionMask = 2147483647;
			files = (
				4502C67F2F451AE10030C282 /* Interaction3D in Frameworks */,
			);
			runOnlyForDeploymentPostprocessing = 0;
		};
		457A34522EB3D9AE0001F508 /* Frameworks */ = {
			isa = PBXFrameworksBuildPhase;
			buildActionMask = 2147483647;
			files = (
				45629B982F74A0A200463117 /* Splats in Frameworks */,
				452D31B02F15791E0034906D /* Interaction3D in Frameworks */,
				451155A42EC3EF9700C04880 /* GeometryLite3D in Frameworks */,
				45E9BB732EF504C00016C77E /* Sharp in Frameworks */,
				45629B962F74A0A200463117 /* MetalSprocketsGaussianSplats in Frameworks */,
				45E9BB762EF519850016C77E /* Sharp in Frameworks */,
				45B4CDDB2EF86B8D00BFC1FC /* ZIPFoundation in Frameworks */,
			);
			runOnlyForDeploymentPostprocessing = 0;
		};
/* End PBXFrameworksBuildPhase section */

/* Begin PBXGroup section */
		453914F92F74A3AE00D7A039 /* Frameworks */ = {
			isa = PBXGroup;
			children = (
			);
			name = Frameworks;
			sourceTree = "<group>";
		};
		457A344C2EB3D9AD0001F508 = {
			isa = PBXGroup;
			children = (
				452EC1342EF51EF600AB9206 /* Configuration */,
				45CD75FA2F74989400E601F7 /* Packages */,
				457A34572EB3D9AE0001F508 /* Radiance */,
				454CBDF02EF753EC00A16AD0 /* GaussianSplatsPreviewExtension */,
				453914F92F74A3AE00D7A039 /* Frameworks */,
				457A34562EB3D9AE0001F508 /* Products */,
			);
			sourceTree = "<group>";
		};
		457A34562EB3D9AE0001F508 /* Products */ = {
			isa = PBXGroup;
			children = (
				457A34552EB3D9AE0001F508 /* Radiance-Viewer.app */,
				454CBDEC2EF753EC00A16AD0 /* GaussianSplatsPreviewExtension.appex */,
			);
			name = Products;
			sourceTree = "<group>";
		};
/* End PBXGroup section */

/* Begin PBXNativeTarget section */
		454CBDEB2EF753EC00A16AD0 /* GaussianSplatsPreviewExtension */ = {
			isa = PBXNativeTarget;
			buildConfigurationList = 454CBDFC2EF753EC00A16AD0 /* Build configuration list for PBXNativeTarget "GaussianSplatsPreviewExtension" */;
			buildPhases = (
				454CBDE82EF753EC00A16AD0 /* Sources */,
				454CBDE92EF753EC00A16AD0 /* Frameworks */,
				454CBDEA2EF753EC00A16AD0 /* Resources */,
			);
			buildRules = (
			);
			dependencies = (
			);
			fileSystemSynchronizedGroups = (
				454CBDF02EF753EC00A16AD0 /* GaussianSplatsPreviewExtension */,
			);
			name = GaussianSplatsPreviewExtension;
			packageProductDependencies = (
				4502C67E2F451AE10030C282 /* Interaction3D */,
			);
			productName = GaussianSplatsPreviewExtension;
			productReference = 454CBDEC2EF753EC00A16AD0 /* GaussianSplatsPreviewExtension.appex */;
			productType = "com.apple.product-type.app-extension";
		};
		457A34542EB3D9AE0001F508 /* Radiance-Viewer */ = {
			isa = PBXNativeTarget;
			buildConfigurationList = 457A34602EB3D9AE0001F508 /* Build configuration list for PBXNativeTarget "Radiance-Viewer" */;
			buildPhases = (
				457A34512EB3D9AE0001F508 /* Sources */,
				457A34522EB3D9AE0001F508 /* Frameworks */,
				457A34532EB3D9AE0001F508 /* Resources */,
				457C0CDC2ECF672F0049C6F2 /* Run Swiftlint */,
				454CBE002EF753EC00A16AD0 /* Embed Foundation Extensions */,
			);
			buildRules = (
			);
			dependencies = (
				454CBDFA2EF753EC00A16AD0 /* PBXTargetDependency */,
			);
			fileSystemSynchronizedGroups = (
				457A34572EB3D9AE0001F508 /* Radiance */,
			);
			name = "Radiance-Viewer";
			packageProductDependencies = (
				451155A32EC3EF9700C04880 /* GeometryLite3D */,
				45E9BB722EF504C00016C77E /* Sharp */,
				45E9BB752EF519850016C77E /* Sharp */,
				45B4CDDA2EF86B8D00BFC1FC /* ZIPFoundation */,
				452D31AF2F15791E0034906D /* Interaction3D */,
				45629B952F74A0A200463117 /* MetalSprocketsGaussianSplats */,
				45629B972F74A0A200463117 /* Splats */,
			);
			productName = Radiance;
			productReference = 457A34552EB3D9AE0001F508 /* Radiance-Viewer.app */;
			productType = "com.apple.product-type.application";
		};
/* End PBXNativeTarget section */

/* Begin PBXProject section */
		457A344D2EB3D9AD0001F508 /* Project object */ = {
			isa = PBXProject;
			attributes = {
				BuildIndependentTargetsInParallel = 1;
				LastSwiftUpdateCheck = 2620;
				LastUpgradeCheck = 2640;
				TargetAttributes = {
					454CBDEB2EF753EC00A16AD0 = {
						CreatedOnToolsVersion = 26.2;
					};
					457A34542EB3D9AE0001F508 = {
						CreatedOnToolsVersion = 26.1;
					};
				};
			};
			buildConfigurationList = 457A34502EB3D9AD0001F508 /* Build configuration list for PBXProject "Radiance" */;
			developmentRegion = en;
			hasScannedForEncodings = 0;
			knownRegions = (
				en,
				Base,
			);
			mainGroup = 457A344C2EB3D9AD0001F508;
			minimizedProjectReferenceProxies = 1;
			packageReferences = (
				451155A22EC3EF9700C04880 /* XCRemoteSwiftPackageReference "GeometryLite3D" */,
				45E9BB742EF519850016C77E /* XCRemoteSwiftPackageReference "Sharp" */,
				45B4CDD92EF86B8D00BFC1FC /* XCRemoteSwiftPackageReference "ZIPFoundation" */,
				455EE9212F3A679900A753D3 /* XCRemoteSwiftPackageReference "Interaction3D" */,
				45629B942F74A0A200463117 /* XCRemoteSwiftPackageReference "MetalSprocketsGaussianSplats" */,
			);
			preferredProjectObjectVersion = 77;
			productRefGroup = 457A34562EB3D9AE0001F508 /* Products */;
			projectDirPath = "";
			projectRoot = "";
			targets = (
				457A34542EB3D9AE0001F508 /* Radiance-Viewer */,
				454CBDEB2EF753EC00A16AD0 /* GaussianSplatsPreviewExtension */,
			);
		};
/* End PBXProject section */

/* Begin PBXResourcesBuildPhase section */
		454CBDEA2EF753EC00A16AD0 /* Resources */ = {
			isa = PBXResourcesBuildPhase;
			buildActionMask = 2147483647;
			files = (
			);
			runOnlyForDeploymentPostprocessing = 0;
		};
		457A34532EB3D9AE0001F508 /* Resources */ = {
			isa = PBXResourcesBuildPhase;
			buildActionMask = 2147483647;
			files = (
			);
			runOnlyForDeploymentPostprocessing = 0;
		};
/* End PBXResourcesBuildPhase section */

/* Begin PBXShellScriptBuildPhase section */
		457C0CDC2ECF672F0049C6F2 /* Run Swiftlint */ = {
			isa = PBXShellScriptBuildPhase;
			alwaysOutOfDate = 1;
			buildActionMask = 2147483647;
			files = (
			);
			inputFileListPaths = (
			);
			inputPaths = (
			);
			name = "Run Swiftlint";
			outputFileListPaths = (
			);
			outputPaths = (
			);
			runOnlyForDeploymentPostprocessing = 0;
			shellPath = /bin/sh;
			shellScript = "if [ -x \"/opt/homebrew/bin/swiftlint\" ]; then\n  echo \"Running SwiftLint...\"\n  cd ../.. && /opt/homebrew/bin/swiftlint --quiet --lenient\nelif which swiftlint >/dev/null 2>&1; then\n  echo \"Running SwiftLint from PATH...\"\n      cd ../.. && swiftlint --quiet --lenient\nelse\n  echo \"warning: SwiftLint not installed. Get it from https://github.com/realm/SwiftLint\"\nfi\n";
			showEnvVarsInLog = 0;
		};
/* End PBXShellScriptBuildPhase section */

/* Begin PBXSourcesBuildPhase section */
		454CBDE82EF753EC00A16AD0 /* Sources */ = {
			isa = PBXSourcesBuildPhase;
			buildActionMask = 2147483647;
			files = (
			);
			runOnlyForDeploymentPostprocessing = 0;
		};
		457A34512EB3D9AE0001F508 /* Sources */ = {
			isa = PBXSourcesBuildPhase;
			buildActionMask = 2147483647;
			files = (
			);
			runOnlyForDeploymentPostprocessing = 0;
		};
/* End PBXSourcesBuildPhase section */

/* Begin PBXTargetDependency section */
		454CBDFA2EF753EC00A16AD0 /* PBXTargetDependency */ = {
			isa = PBXTargetDependency;
			platformFilters = (
				macos,
			);
			target = 454CBDEB2EF753EC00A16AD0 /* GaussianSplatsPreviewExtension */;
			targetProxy = 454CBDF92EF753EC00A16AD0 /* PBXContainerItemProxy */;
		};
/* End PBXTargetDependency section */

/* Begin XCBuildConfiguration section */
		454CBDFD2EF753EC00A16AD0 /* Debug */ = {
			isa = XCBuildConfiguration;
			baseConfigurationReferenceAnchor = 452EC1342EF51EF600AB9206 /* Configuration */;
			baseConfigurationReferenceRelativePath = "GaussianSplatsPreviewExtension-Debug.xcconfig";
			buildSettings = {
			};
			name = Debug;
		};
		454CBDFE2EF753EC00A16AD0 /* Release */ = {
			isa = XCBuildConfiguration;
			baseConfigurationReferenceAnchor = 452EC1342EF51EF600AB9206 /* Configuration */;
			baseConfigurationReferenceRelativePath = "GaussianSplatsPreviewExtension-Release.xcconfig";
			buildSettings = {
			};
			name = Release;
		};
		457A345E2EB3D9AE0001F508 /* Debug */ = {
			isa = XCBuildConfiguration;
			baseConfigurationReferenceAnchor = 452EC1342EF51EF600AB9206 /* Configuration */;
			baseConfigurationReferenceRelativePath = "Project-Debug.xcconfig";
			buildSettings = {
				DEAD_CODE_STRIPPING = YES;
				DEVELOPMENT_TEAM = 6E23EP94PG;
			};
			name = Debug;
		};
		457A345F2EB3D9AE0001F508 /* Release */ = {
			isa = XCBuildConfiguration;
			baseConfigurationReferenceAnchor = 452EC1342EF51EF600AB9206 /* Configuration */;
			baseConfigurationReferenceRelativePath = "Project-Release.xcconfig";
			buildSettings = {
				DEAD_CODE_STRIPPING = YES;
				DEVELOPMENT_TEAM = 6E23EP94PG;
			};
			name = Release;
		};
		457A34612EB3D9AE0001F508 /* Debug */ = {
			isa = XCBuildConfiguration;
			baseConfigurationReferenceAnchor = 452EC1342EF51EF600AB9206 /* Configuration */;
			baseConfigurationReferenceRelativePath = "Radiance-Debug.xcconfig";
			buildSettings = {
			};
			name = Debug;
		};
		457A34622EB3D9AE0001F508 /* Release */ = {
			isa = XCBuildConfiguration;
			baseConfigurationReferenceAnchor = 452EC1342EF51EF600AB9206 /* Configuration */;
			baseConfigurationReferenceRelativePath = "Radiance-Release.xcconfig";
			buildSettings = {
			};
			name = Release;
		};
/* End XCBuildConfiguration section */

/* Begin XCConfigurationList section */
		454CBDFC2EF753EC00A16AD0 /* Build configuration list for PBXNativeTarget "GaussianSplatsPreviewExtension" */ = {
			isa = XCConfigurationList;
			buildConfigurations = (
				454CBDFD2EF753EC00A16AD0 /* Debug */,
				454CBDFE2EF753EC00A16AD0 /* Release */,
			);
			defaultConfigurationIsVisible = 0;
			defaultConfigurationName = Release;
		};
		457A34502EB3D9AD0001F508 /* Build configuration list for PBXProject "Radiance" */ = {
			isa = XCConfigurationList;
			buildConfigurations = (
				457A345E2EB3D9AE0001F508 /* Debug */,
				457A345F2EB3D9AE0001F508 /* Release */,
			);
			defaultConfigurationIsVisible = 0;
			defaultConfigurationName = Release;
		};
		457A34602EB3D9AE0001F508 /* Build configuration list for PBXNativeTarget "Radiance-Viewer" */ = {
			isa = XCConfigurationList;
			buildConfigurations = (
				457A34612EB3D9AE0001F508 /* Debug */,
				457A34622EB3D9AE0001F508 /* Release */,
			);
			defaultConfigurationIsVisible = 0;
			defaultConfigurationName = Release;
		};
/* End XCConfigurationList section */

/* Begin XCRemoteSwiftPackageReference section */
		451155A22EC3EF9700C04880 /* XCRemoteSwiftPackageReference "GeometryLite3D" */ = {
			isa = XCRemoteSwiftPackageReference;
			repositoryURL = "https://github.com/schwa/GeometryLite3D";
			requirement = {
				kind = upToNextMajorVersion;
				minimumVersion = 0.1.0;
			};
		};
		455EE9212F3A679900A753D3 /* XCRemoteSwiftPackageReference "Interaction3D" */ = {
			isa = XCRemoteSwiftPackageReference;
			repositoryURL = "https://github.com/schwa/Interaction3D";
			requirement = {
				kind = upToNextMajorVersion;
				minimumVersion = 0.1.3;
			};
		};
		45629B942F74A0A200463117 /* XCRemoteSwiftPackageReference "MetalSprocketsGaussianSplats" */ = {
			isa = XCRemoteSwiftPackageReference;
			repositoryURL = "https://github.com/schwa/MetalSprocketsGaussianSplats";
			requirement = {
				kind = upToNextMajorVersion;
				minimumVersion = 0.1.5;
			};
		};
		45B4CDD92EF86B8D00BFC1FC /* XCRemoteSwiftPackageReference "ZIPFoundation" */ = {
			isa = XCRemoteSwiftPackageReference;
			repositoryURL = "https://github.com/weichsel/ZIPFoundation";
			requirement = {
				kind = upToNextMajorVersion;
				minimumVersion = 0.9.20;
			};
		};
		45E9BB742EF519850016C77E /* XCRemoteSwiftPackageReference "Sharp" */ = {
			isa = XCRemoteSwiftPackageReference;
			repositoryURL = "https://github.com/schwa/Sharp";
			requirement = {
				kind = upToNextMajorVersion;
				minimumVersion = 0.0.1;
			};
		};
/* End XCRemoteSwiftPackageReference section */

/* Begin XCSwiftPackageProductDependency section */
		4502C67E2F451AE10030C282 /* Interaction3D */ = {
			isa = XCSwiftPackageProductDependency;
			package = 455EE9212F3A679900A753D3 /* XCRemoteSwiftPackageReference "Interaction3D" */;
			productName = Interaction3D;
		};
		451155A32EC3EF9700C04880 /* GeometryLite3D */ = {
			isa = XCSwiftPackageProductDependency;
			package = 451155A22EC3EF9700C04880 /* XCRemoteSwiftPackageReference "GeometryLite3D" */;
			productName = GeometryLite3D;
		};
		452D31AF2F15791E0034906D /* Interaction3D */ = {
			isa = XCSwiftPackageProductDependency;
			productName = Interaction3D;
		};
		45629B952F74A0A200463117 /* MetalSprocketsGaussianSplats */ = {
			isa = XCSwiftPackageProductDependency;
			package = 45629B942F74A0A200463117 /* XCRemoteSwiftPackageReference "MetalSprocketsGaussianSplats" */;
			productName = MetalSprocketsGaussianSplats;
		};
		45629B972F74A0A200463117 /* Splats */ = {
			isa = XCSwiftPackageProductDependency;
			package = 45629B942F74A0A200463117 /* XCRemoteSwiftPackageReference "MetalSprocketsGaussianSplats" */;
			productName = Splats;
		};
		45B4CDDA2EF86B8D00BFC1FC /* ZIPFoundation */ = {
			isa = XCSwiftPackageProductDependency;
			package = 45B4CDD92EF86B8D00BFC1FC /* XCRemoteSwiftPackageReference "ZIPFoundation" */;
			productName = ZIPFoundation;
		};
		45E9BB722EF504C00016C77E /* Sharp */ = {
			isa = XCSwiftPackageProductDependency;
			productName = Sharp;
		};
		45E9BB752EF519850016C77E /* Sharp */ = {
			isa = XCSwiftPackageProductDependency;
			package = 45E9BB742EF519850016C77E /* XCRemoteSwiftPackageReference "Sharp" */;
			productName = Sharp;
		};
/* End XCSwiftPackageProductDependency section */
	};
	rootObject = 457A344D2EB3D9AD0001F508 /* Project object */;
}
