{
  "originHash" : "8653e20c08b972e947c0a303cfd3fbe498a4cd248d53bb7822ad7f44c9be2e37",
  "pins" : [
    {
      "identity" : "earcut-swift",
      "kind" : "remoteSourceControl",
      "location" : "https://github.com/schwa/earcut-swift",
      "state" : {
        "revision" : "84309d9350a3e818412c4c13156af5d95d761147",
        "version" : "0.1.0"
      }
    },
    {
      "identity" : "geometrylite3d",
      "kind" : "remoteSourceControl",
      "location" : "https://github.com/schwa/GeometryLite3D",
      "state" : {
        "branch" : "main",
        "revision" : "554f96b2465e8bd52305ce4abf8709bd05b60208"
      }
    },
    {
      "identity" : "interaction3d",
      "kind" : "remoteSourceControl",
      "location" : "https://github.com/schwa/Interaction3D",
      "state" : {
        "branch" : "main",
        "revision" : "b8a08213091674c7e85c566a1eeec86ef1bbd25c"
      }
    },
    {
      "identity" : "metalcompilerplugin",
      "kind" : "remoteSourceControl",
      "location" : "https://github.com/schwa/MetalCompilerPlugin",
      "state" : {
        "revision" : "36c761478a8e3fb934acf8ef2db4696af95069b4",
        "version" : "0.1.5"
      }
    },
    {
      "identity" : "metalsprockets",
      "kind" : "remoteSourceControl",
      "location" : "https://github.com/schwa/MetalSprockets",
      "state" : {
        "revision" : "a9b12fbeb174b40d4ecc68965f851fcb60a51b05",
        "version" : "0.1.5"
      }
    },
    {
      "identity" : "metalsprocketsaddons",
      "kind" : "remoteSourceControl",
      "location" : "https://github.com/schwa/MetalSprocketsAddOns",
      "state" : {
        "branch" : "main",
        "revision" : "625b73a349c6ef0914d1febf4607ce571a91a09b"
      }
    },
    {
      "identity" : "sharp",
      "kind" : "remoteSourceControl",
      "location" : "https://github.com/schwa/Sharp",
      "state" : {
        "branch" : "main",
        "revision" : "3b97ab7a48f7f163906657d1ebab05196a329a74"
      }
    },
    {
      "identity" : "swift-algorithms",
      "kind" : "remoteSourceControl",
      "location" : "https://github.com/apple/swift-algorithms",
      "state" : {
        "revision" : "87e50f483c54e6efd60e885f7f5aa946cee68023",
        "version" : "1.2.1"
      }
    },
    {
      "identity" : "swift-argument-parser",
      "kind" : "remoteSourceControl",
      "location" : "https://github.com/apple/swift-argument-parser",
      "state" : {
        "revision" : "c5d11a805e765f52ba34ec7284bd4fcd6ba68615",
        "version" : "1.7.0"
      }
    },
    {
      "identity" : "swift-async-algorithms",
      "kind" : "remoteSourceControl",
      "location" : "https://github.com/apple/swift-async-algorithms",
      "state" : {
        "revision" : "2971dd5d9f6e0515664b01044826bcea16e59fac",
        "version" : "1.1.2"
      }
    },
    {
      "identity" : "swift-collections",
      "kind" : "remoteSourceControl",
      "location" : "https://github.com/apple/swift-collections",
      "state" : {
        "revision" : "7b847a3b7008b2dc2f47ca3110d8c782fb2e5c7e",
        "version" : "1.3.0"
      }
    },
    {
      "identity" : "swift-numerics",
      "kind" : "remoteSourceControl",
      "location" : "https://github.com/apple/swift-numerics.git",
      "state" : {
        "revision" : "0c0290ff6b24942dadb83a929ffaaa1481df04a2",
        "version" : "1.1.1"
      }
    },
    {
      "identity" : "swift-syntax",
      "kind" : "remoteSourceControl",
      "location" : "https://github.com/swiftlang/swift-syntax.git",
      "state" : {
        "revision" : "0687f71944021d616d34d922343dcef086855920",
        "version" : "600.0.1"
      }
    },
    {
      "identity" : "swiftformats",
      "kind" : "remoteSourceControl",
      "location" : "https://github.com/schwa/SwiftFormats",
      "state" : {
        "revision" : "6b51ccec7fccf2f1d4f28f03def6c6b97d17c05b",
        "version" : "0.3.6"
      }
    },
    {
      "identity" : "zipfoundation",
      "kind" : "remoteSourceControl",
      "location" : "https://github.com/weichsel/ZIPFoundation",
      "state" : {
        "revision" : "22787ffb59de99e5dc1fbfe80b19c97a904ad48d",
        "version" : "0.9.20"
      }
    }
  ],
  "version" : 3
}
